{
  "name": "test-project",
  "version": "1.0.0",
  "lockfileVersion": 3,
  "packages": {
    "": {
      "name": "test-project",
      "version": "1.0.0",
      "resolved": "https://registry.npmjs.org/test-project/-/test-project-1.0.0.tgz",
      "integrity": "sha512-test"
    },
    "node_modules/test-project": {
      "version": "1.0.0",
      "resolved": "https://registry.npmjs.org/test-project/-/test-project-1.0.0.tgz",
      "integrity": "sha512-test",
      "dependencies": {
        "axios": "^1.14.0"
      }
    },
    "node_modules/axios": {
      "version": "1.14.0",
      "resolved": "https://registry.npmjs.org/axios/-/axios-1.14.0.tgz",
      "integrity": "sha512-axios-integrity",
      "dependencies": {
        "follow-redirects": "^1.15.0"
      }
    },
    "node_modules/axios/node_modules/follow-redirects": {
      "version": "1.15.0",
      "resolved": "https://registry.npmjs.org/follow-redirects/-/follow-redirects-1.15.0.tgz",
      "integrity": "sha512-follow-integrity"
    },
    "node_modules/lodash": {
      "version": "4.17.21",
      "resolved": "https://registry.npmjs.org/lodash/-/lodash-4.17.21.tgz",
      "integrity": "sha512-v2kDEe57lecTulaDIuNTPy3Ry4lLqC0+Z+y4R2RFAX0fqA7L3D"
    },
    "node_modules/@sentry/core": {
      "version": "7.0.0",
      "resolved": "https://registry.npmjs.org/@sentry/core/-/core-7.0.0.tgz",
      "integrity": "sha512-integrity-sha-sentry"
    },
    "node_modules/malicious-package": {
      "version": "1.0.0",
      "resolved": "https://registry.npmjs.org/malicious-package/-/malicious-package-1.0.0.tgz",
      "integrity": "sha512-malicious",
      "dev": false
    }
  },
  "dependencies": {
    "axios": "^1.14.0",
    "lodash": "^4.17.21",
    "malicious-package": "^1.0.0"
  },
  "devDependencies": {
    "@sentry/core": "^7.0.0"
  }
}
